
Microsoft Visual Studio Solution File, Format Version 12.00
# Visual Studio 14
VisualStudioVersion = 14.0.23107.0
MinimumVisualStudioVersion = 10.0.40219.1
Project("{FAE04EC0-301F-11D3-BF4B-00C04F79EFBC}") = "Server", "Server\Server.csproj", "{8CF55E64-FF4F-472C-A7B7-602E4A448C67}"
EndProject
Project("{2150E333-8FDC-42A3-9474-1A3956D46DE8}") = "PublishScripts", "PublishScripts", "{C0EC66F1-DC81-44D3-A534-9E19AEB9F360}"
	ProjectSection(SolutionItems) = preProject
		PublishScripts\AzureVMPublishModule.psm1 = PublishScripts\AzureVMPublishModule.psm1
		PublishScripts\Publish-WebApplicationVM.ps1 = PublishScripts\Publish-WebApplicationVM.ps1
	EndProjectSection
EndProject
Project("{2150E333-8FDC-42A3-9474-1A3956D46DE8}") = "Configurations", "Configurations", "{5EBA7471-2253-4677-8FFA-2AA496F1886E}"
	ProjectSection(SolutionItems) = preProject
		PublishScripts\Configurations\Server-WAWS-dev.json = PublishScripts\Configurations\Server-WAWS-dev.json
	EndProjectSection
EndProject
Global
	GlobalSection(SolutionConfigurationPlatforms) = preSolution
		Debug|Any CPU = Debug|Any CPU
		Release|Any CPU = Release|Any CPU
	EndGlobalSection
	GlobalSection(ProjectConfigurationPlatforms) = postSolution
		{8CF55E64-FF4F-472C-A7B7-602E4A448C67}.Debug|Any CPU.ActiveCfg = Debug|Any CPU
		{8CF55E64-FF4F-472C-A7B7-602E4A448C67}.Debug|Any CPU.Build.0 = Debug|Any CPU
		{8CF55E64-FF4F-472C-A7B7-602E4A448C67}.Release|Any CPU.ActiveCfg = Release|Any CPU
		{8CF55E64-FF4F-472C-A7B7-602E4A448C67}.Release|Any CPU.Build.0 = Release|Any CPU
	EndGlobalSection
	GlobalSection(SolutionProperties) = preSolution
		HideSolutionNode = FALSE
	EndGlobalSection
	GlobalSection(NestedProjects) = preSolution
		{5EBA7471-2253-4677-8FFA-2AA496F1886E} = {C0EC66F1-DC81-44D3-A534-9E19AEB9F360}
	EndGlobalSection
EndGlobal
